{
  "requires": true,
  "lockfileVersion": 1,
  "dependencies": {
    "perfect-arrows": {
      "version": "0.3.7",
      "resolved": "https://registry.npmjs.org/perfect-arrows/-/perfect-arrows-0.3.7.tgz",
      "integrity": "sha512-wEN2gerTPVWl3yqoFEF8OeGbg3aRe2sxNUi9rnyYrCsL4JcI6K2tBDezRtqVrYG0BNtsWLdYiiTrYm+X//8yLQ=="
    }
  }
}
